
Microsoft Visual Studio Solution File, Format Version 12.00
# Visual Studio Version 17
VisualStudioVersion = 17.12.35514.174
MinimumVisualStudioVersion = 10.0.40219.1
Project("{9A19103F-16F7-4668-BE54-9A1E7A4F7556}") = "WebApi", "CosmosJournalApp\WebApi.csproj", "{306D8172-2A66-4BAF-A80B-9F84591FB753}"
EndProject
Project("{54A90642-561A-4BB1-A94E-469ADEE60C69}") = "client", "client\client.esproj", "{95EB168C-E200-42CE-A809-4720FE4C256F}"
EndProject
Global
	GlobalSection(SolutionConfigurationPlatforms) = preSolution
		Debug|Any CPU = Debug|Any CPU
		Release|Any CPU = Release|Any CPU
	EndGlobalSection
	GlobalSection(ProjectConfigurationPlatforms) = postSolution
		{306D8172-2A66-4BAF-A80B-9F84591FB753}.Debug|Any CPU.ActiveCfg = Debug|Any CPU
		{306D8172-2A66-4BAF-A80B-9F84591FB753}.Debug|Any CPU.Build.0 = Debug|Any CPU
		{306D8172-2A66-4BAF-A80B-9F84591FB753}.Release|Any CPU.ActiveCfg = Release|Any CPU
		{306D8172-2A66-4BAF-A80B-9F84591FB753}.Release|Any CPU.Build.0 = Release|Any CPU
		{95EB168C-E200-42CE-A809-4720FE4C256F}.Debug|Any CPU.ActiveCfg = Debug|Any CPU
		{95EB168C-E200-42CE-A809-4720FE4C256F}.Debug|Any CPU.Build.0 = Debug|Any CPU
		{95EB168C-E200-42CE-A809-4720FE4C256F}.Debug|Any CPU.Deploy.0 = Debug|Any CPU
		{95EB168C-E200-42CE-A809-4720FE4C256F}.Release|Any CPU.ActiveCfg = Release|Any CPU
		{95EB168C-E200-42CE-A809-4720FE4C256F}.Release|Any CPU.Build.0 = Release|Any CPU
		{95EB168C-E200-42CE-A809-4720FE4C256F}.Release|Any CPU.Deploy.0 = Release|Any CPU
	EndGlobalSection
	GlobalSection(SolutionProperties) = preSolution
		HideSolutionNode = FALSE
	EndGlobalSection
	GlobalSection(ExtensibilityGlobals) = postSolution
		SolutionGuid = {3F4A051B-18AC-4805-BC34-23A2D5F55ED9}
	EndGlobalSection
EndGlobal
